
Microsoft Visual Studio Solution File, Format Version 12.00
# Visual Studio Version 17
VisualStudioVersion = 17.3.32825.248
MinimumVisualStudioVersion = 10.0.40219.1
Project("{FAE04EC0-301F-11D3-BF4B-00C04F79EFBC}") = "terradota", "terradota\terradota.csproj", "{C84C337E-C5F9-408F-9775-9C2331FE9867}"
EndProject
Global
	GlobalSection(SolutionConfigurationPlatforms) = preSolution
		Debug|Any CPU = Debug|Any CPU
		Release|Any CPU = Release|Any CPU
	EndGlobalSection
	GlobalSection(ProjectConfigurationPlatforms) = postSolution
		{C84C337E-C5F9-408F-9775-9C2331FE9867}.Debug|Any CPU.ActiveCfg = Debug|Any CPU
		{C84C337E-C5F9-408F-9775-9C2331FE9867}.Debug|Any CPU.Build.0 = Debug|Any CPU
		{C84C337E-C5F9-408F-9775-9C2331FE9867}.Release|Any CPU.ActiveCfg = Release|Any CPU
		{C84C337E-C5F9-408F-9775-9C2331FE9867}.Release|Any CPU.Build.0 = Release|Any CPU
	EndGlobalSection
	GlobalSection(SolutionProperties) = preSolution
		HideSolutionNode = FALSE
	EndGlobalSection
	GlobalSection(ExtensibilityGlobals) = postSolution
		SolutionGuid = {355A491A-59A9-457D-9933-0CD6EBB07E82}
	EndGlobalSection
EndGlobal
